
Microsoft Visual Studio Solution File, Format Version 12.00
# Visual Studio Version 16
VisualStudioVersion = 16.0.31025.194
MinimumVisualStudioVersion = 10.0.40219.1
Project("{FAE04EC0-301F-11D3-BF4B-00C04F79EFBC}") = "MarbleGraniteShop", "MarbleGraniteShop\MarbleGraniteShop.csproj", "{77484A77-3E69-48BB-937B-9B7AB469CCAD}"
EndProject
Project("{FAE04EC0-301F-11D3-BF4B-00C04F79EFBC}") = "MarbleGraniteShop.Models", "MarbleGraniteShop.Models\MarbleGraniteShop.Models.csproj", "{C75E7DC0-D623-41D0-9493-A45E34BA8ABA}"
EndProject
Project("{FAE04EC0-301F-11D3-BF4B-00C04F79EFBC}") = "MarbleGraniteShop.Utility", "MarbleGraniteShop.Utility\MarbleGraniteShop.Utility.csproj", "{7DE7A45C-F734-4BBB-AEA5-249D0A3DF3D9}"
EndProject
Project("{FAE04EC0-301F-11D3-BF4B-00C04F79EFBC}") = "MarbleGraniteShop.DataAccess", "MarbleGraniteShop.DataAccess\MarbleGraniteShop.DataAccess.csproj", "{C8CB27F8-3654-4831-B1EC-7CB0E5FB4BC8}"
EndProject
Global
	GlobalSection(SolutionConfigurationPlatforms) = preSolution
		Debug|Any CPU = Debug|Any CPU
		Release|Any CPU = Release|Any CPU
	EndGlobalSection
	GlobalSection(ProjectConfigurationPlatforms) = postSolution
		{77484A77-3E69-48BB-937B-9B7AB469CCAD}.Debug|Any CPU.ActiveCfg = Debug|Any CPU
		{77484A77-3E69-48BB-937B-9B7AB469CCAD}.Debug|Any CPU.Build.0 = Debug|Any CPU
		{77484A77-3E69-48BB-937B-9B7AB469CCAD}.Release|Any CPU.ActiveCfg = Release|Any CPU
		{77484A77-3E69-48BB-937B-9B7AB469CCAD}.Release|Any CPU.Build.0 = Release|Any CPU
		{C75E7DC0-D623-41D0-9493-A45E34BA8ABA}.Debug|Any CPU.ActiveCfg = Debug|Any CPU
		{C75E7DC0-D623-41D0-9493-A45E34BA8ABA}.Debug|Any CPU.Build.0 = Debug|Any CPU
		{C75E7DC0-D623-41D0-9493-A45E34BA8ABA}.Release|Any CPU.ActiveCfg = Release|Any CPU
		{C75E7DC0-D623-41D0-9493-A45E34BA8ABA}.Release|Any CPU.Build.0 = Release|Any CPU
		{7DE7A45C-F734-4BBB-AEA5-249D0A3DF3D9}.Debug|Any CPU.ActiveCfg = Debug|Any CPU
		{7DE7A45C-F734-4BBB-AEA5-249D0A3DF3D9}.Debug|Any CPU.Build.0 = Debug|Any CPU
		{7DE7A45C-F734-4BBB-AEA5-249D0A3DF3D9}.Release|Any CPU.ActiveCfg = Release|Any CPU
		{7DE7A45C-F734-4BBB-AEA5-249D0A3DF3D9}.Release|Any CPU.Build.0 = Release|Any CPU
		{C8CB27F8-3654-4831-B1EC-7CB0E5FB4BC8}.Debug|Any CPU.ActiveCfg = Debug|Any CPU
		{C8CB27F8-3654-4831-B1EC-7CB0E5FB4BC8}.Debug|Any CPU.Build.0 = Debug|Any CPU
		{C8CB27F8-3654-4831-B1EC-7CB0E5FB4BC8}.Release|Any CPU.ActiveCfg = Release|Any CPU
		{C8CB27F8-3654-4831-B1EC-7CB0E5FB4BC8}.Release|Any CPU.Build.0 = Release|Any CPU
	EndGlobalSection
	GlobalSection(SolutionProperties) = preSolution
		HideSolutionNode = FALSE
	EndGlobalSection
	GlobalSection(ExtensibilityGlobals) = postSolution
		SolutionGuid = {79563160-06EB-453F-8680-3763C7E31387}
	EndGlobalSection
EndGlobal
